
Microsoft Visual Studio Solution File, Format Version 12.00
# Visual Studio 2013
VisualStudioVersion = 12.0.21005.1
MinimumVisualStudioVersion = 10.0.40219.1
Project("{FAE04EC0-301F-11D3-BF4B-00C04F79EFBC}") = "Dirana3Tuner", "Dirana3Tuner\Dirana3Tuner.csproj", "{7A55B82E-19F7-49ED-941D-256DA1434DFC}"
EndProject
Project("{54435603-DBB4-11D2-8724-00A0C9A8B90C}") = "Dirana3Setup", "Dirana3Setup\Dirana3Setup.vdproj", "{E3CB36FE-0272-4E72-BA6F-B0C6B6E2AE56}"
EndProject
Global
	GlobalSection(SolutionConfigurationPlatforms) = preSolution
		Debug|Any CPU = Debug|Any CPU
		Release|Any CPU = Release|Any CPU
	EndGlobalSection
	GlobalSection(ProjectConfigurationPlatforms) = postSolution
		{7A55B82E-19F7-49ED-941D-256DA1434DFC}.Debug|Any CPU.ActiveCfg = Debug|Any CPU
		{7A55B82E-19F7-49ED-941D-256DA1434DFC}.Debug|Any CPU.Build.0 = Debug|Any CPU
		{7A55B82E-19F7-49ED-941D-256DA1434DFC}.Release|Any CPU.ActiveCfg = Release|Any CPU
		{7A55B82E-19F7-49ED-941D-256DA1434DFC}.Release|Any CPU.Build.0 = Release|Any CPU
		{E3CB36FE-0272-4E72-BA6F-B0C6B6E2AE56}.Debug|Any CPU.ActiveCfg = Debug
		{E3CB36FE-0272-4E72-BA6F-B0C6B6E2AE56}.Release|Any CPU.ActiveCfg = Release
	EndGlobalSection
	GlobalSection(SolutionProperties) = preSolution
		HideSolutionNode = FALSE
	EndGlobalSection
EndGlobal
